
Microsoft Visual Studio Solution File, Format Version 12.00
# Visual Studio 2012
Project("{FAE04EC0-301F-11D3-BF4B-00C04F79EFBC}") = "WSP", "WSP\WSP.csproj", "{D7975A7A-0B7D-42BB-9E56-850CE60F7E79}"
EndProject
Project("{FAE04EC0-301F-11D3-BF4B-00C04F79EFBC}") = "WSP.iOS", "iOS\WSP.iOS.csproj", "{7F2FB98B-74CE-452D-B1CE-33C2E825C701}"
EndProject
Project("{FAE04EC0-301F-11D3-BF4B-00C04F79EFBC}") = "WSP.Droid", "Droid\WSP.Droid.csproj", "{AB21E96C-94C5-4162-8D9F-57700C815D10}"
EndProject
Global
	GlobalSection(SolutionConfigurationPlatforms) = preSolution
		Debug|Any CPU = Debug|Any CPU
		Release|Any CPU = Release|Any CPU
		Debug|iPhoneSimulator = Debug|iPhoneSimulator
		Release|iPhone = Release|iPhone
		Release|iPhoneSimulator = Release|iPhoneSimulator
		Debug|iPhone = Debug|iPhone
	EndGlobalSection
	GlobalSection(ProjectConfigurationPlatforms) = postSolution
		{D7975A7A-0B7D-42BB-9E56-850CE60F7E79}.Debug|Any CPU.ActiveCfg = Debug|Any CPU
		{D7975A7A-0B7D-42BB-9E56-850CE60F7E79}.Debug|Any CPU.Build.0 = Debug|Any CPU
		{D7975A7A-0B7D-42BB-9E56-850CE60F7E79}.Release|Any CPU.ActiveCfg = Release|Any CPU
		{D7975A7A-0B7D-42BB-9E56-850CE60F7E79}.Release|Any CPU.Build.0 = Release|Any CPU
		{D7975A7A-0B7D-42BB-9E56-850CE60F7E79}.Debug|iPhoneSimulator.ActiveCfg = Debug|Any CPU
		{D7975A7A-0B7D-42BB-9E56-850CE60F7E79}.Debug|iPhoneSimulator.Build.0 = Debug|Any CPU
		{D7975A7A-0B7D-42BB-9E56-850CE60F7E79}.Release|iPhone.ActiveCfg = Release|Any CPU
		{D7975A7A-0B7D-42BB-9E56-850CE60F7E79}.Release|iPhone.Build.0 = Release|Any CPU
		{D7975A7A-0B7D-42BB-9E56-850CE60F7E79}.Release|iPhoneSimulator.ActiveCfg = Release|Any CPU
		{D7975A7A-0B7D-42BB-9E56-850CE60F7E79}.Release|iPhoneSimulator.Build.0 = Release|Any CPU
		{D7975A7A-0B7D-42BB-9E56-850CE60F7E79}.Debug|iPhone.ActiveCfg = Debug|Any CPU
		{D7975A7A-0B7D-42BB-9E56-850CE60F7E79}.Debug|iPhone.Build.0 = Debug|Any CPU
		{7F2FB98B-74CE-452D-B1CE-33C2E825C701}.Debug|Any CPU.ActiveCfg = Debug|iPhoneSimulator
		{7F2FB98B-74CE-452D-B1CE-33C2E825C701}.Debug|Any CPU.Build.0 = Debug|iPhoneSimulator
		{7F2FB98B-74CE-452D-B1CE-33C2E825C701}.Release|Any CPU.ActiveCfg = Release|iPhone
		{7F2FB98B-74CE-452D-B1CE-33C2E825C701}.Release|Any CPU.Build.0 = Release|iPhone
		{7F2FB98B-74CE-452D-B1CE-33C2E825C701}.Debug|iPhoneSimulator.ActiveCfg = Debug|iPhoneSimulator
		{7F2FB98B-74CE-452D-B1CE-33C2E825C701}.Debug|iPhoneSimulator.Build.0 = Debug|iPhoneSimulator
		{7F2FB98B-74CE-452D-B1CE-33C2E825C701}.Release|iPhone.ActiveCfg = Release|iPhone
		{7F2FB98B-74CE-452D-B1CE-33C2E825C701}.Release|iPhone.Build.0 = Release|iPhone
		{7F2FB98B-74CE-452D-B1CE-33C2E825C701}.Release|iPhoneSimulator.ActiveCfg = Release|iPhoneSimulator
		{7F2FB98B-74CE-452D-B1CE-33C2E825C701}.Release|iPhoneSimulator.Build.0 = Release|iPhoneSimulator
		{7F2FB98B-74CE-452D-B1CE-33C2E825C701}.Debug|iPhone.ActiveCfg = Debug|iPhone
		{7F2FB98B-74CE-452D-B1CE-33C2E825C701}.Debug|iPhone.Build.0 = Debug|iPhone
		{AB21E96C-94C5-4162-8D9F-57700C815D10}.Debug|Any CPU.ActiveCfg = Debug|Any CPU
		{AB21E96C-94C5-4162-8D9F-57700C815D10}.Debug|Any CPU.Build.0 = Debug|Any CPU
		{AB21E96C-94C5-4162-8D9F-57700C815D10}.Release|Any CPU.ActiveCfg = Release|Any CPU
		{AB21E96C-94C5-4162-8D9F-57700C815D10}.Release|Any CPU.Build.0 = Release|Any CPU
		{AB21E96C-94C5-4162-8D9F-57700C815D10}.Debug|iPhoneSimulator.ActiveCfg = Debug|Any CPU
		{AB21E96C-94C5-4162-8D9F-57700C815D10}.Debug|iPhoneSimulator.Build.0 = Debug|Any CPU
		{AB21E96C-94C5-4162-8D9F-57700C815D10}.Release|iPhone.ActiveCfg = Release|Any CPU
		{AB21E96C-94C5-4162-8D9F-57700C815D10}.Release|iPhone.Build.0 = Release|Any CPU
		{AB21E96C-94C5-4162-8D9F-57700C815D10}.Release|iPhoneSimulator.ActiveCfg = Release|Any CPU
		{AB21E96C-94C5-4162-8D9F-57700C815D10}.Release|iPhoneSimulator.Build.0 = Release|Any CPU
		{AB21E96C-94C5-4162-8D9F-57700C815D10}.Debug|iPhone.ActiveCfg = Debug|Any CPU
		{AB21E96C-94C5-4162-8D9F-57700C815D10}.Debug|iPhone.Build.0 = Debug|Any CPU
	EndGlobalSection
EndGlobal
